// !$*UTF8*$!
{
	archiveVersion = 1;
	classes = {
	};
	objectVersion = 50;
	objects = {

/* Begin PBXBuildFile section */
		CD511E9625A4B10C00B14497 /* AppDelegate.swift in Sources */ = {isa = PBXBuildFile; fileRef = CD511E9525A4B10C00B14497 /* AppDelegate.swift */; };
		CD511E9825A4B10C00B14497 /* SceneDelegate.swift in Sources */ = {isa = PBXBuildFile; fileRef = CD511E9725A4B10C00B14497 /* SceneDelegate.swift */; };
		CD511E9A25A4B10C00B14497 /* ViewController.swift in Sources */ = {isa = PBXBuildFile; fileRef = CD511E9925A4B10C00B14497 /* ViewController.swift */; };
		CD511E9D25A4B10C00B14497 /* Main.storyboard in Resources */ = {isa = PBXBuildFile; fileRef = CD511E9B25A4B10C00B14497 /* Main.storyboard */; };
		CD511E9F25A4B10D00B14497 /* Assets.xcassets in Resources */ = {isa = PBXBuildFile; fileRef = CD511E9E25A4B10D00B14497 /* Assets.xcassets */; };
		CD511EA225A4B10D00B14497 /* LaunchScreen.storyboard in Resources */ = {isa = PBXBuildFile; fileRef = CD511EA025A4B10D00B14497 /* LaunchScreen.storyboard */; };
		CD511EAD25A4B10D00B14497 /* DemoProjectTests.swift in Sources */ = {isa = PBXBuildFile; fileRef = CD511EAC25A4B10D00B14497 /* DemoProjectTests.swift */; };
		CD511EB825A4B10D00B14497 /* DemoProjectUITests.swift in Sources */ = {isa = PBXBuildFile; fileRef = CD511EB725A4B10D00B14497 /* DemoProjectUITests.swift */; };
/* End PBXBuildFile section */

/* Begin PBXContainerItemProxy section */
		CD511EA925A4B10D00B14497 /* PBXContainerItemProxy */ = {
			isa = PBXContainerItemProxy;
			containerPortal = CD511E8A25A4B10B00B14497 /* Project object */;
			proxyType = 1;
			remoteGlobalIDString = CD511E9125A4B10B00B14497;
			remoteInfo = DemoProject;
		};
		CD511EB425A4B10D00B14497 /* PBXContainerItemProxy */ = {
			isa = PBXContainerItemProxy;
			containerPortal = CD511E8A25A4B10B00B14497 /* Project object */;
			proxyType = 1;
			remoteGlobalIDString = CD511E9125A4B10B00B14497;
			remoteInfo = DemoProject;
		};
/* End PBXContainerItemProxy section */

/* Begin PBXFileReference section */
		CD511E9225A4B10C00B14497 /* DemoProject.app */ = {isa = PBXFileReference; explicitFileType = wrapper.application; includeInIndex = 0; path = DemoProject.app; sourceTree = BUILT_PRODUCTS_DIR; };
		CD511E9525A4B10C00B14497 /* AppDelegate.swift */ = {isa = PBXFileReference; lastKnownFileType = sourcecode.swift; path = AppDelegate.swift; sourceTree = "<group>"; };
		CD511E9725A4B10C00B14497 /* SceneDelegate.swift */ = {isa = PBXFileReference; lastKnownFileType = sourcecode.swift; path = SceneDelegate.swift; sourceTree = "<group>"; };
		CD511E9925A4B10C00B14497 /* ViewController.swift */ = {isa = PBXFileReference; lastKnownFileType = sourcecode.swift; path = ViewController.swift; sourceTree = "<group>"; };
		CD511E9C25A4B10C00B14497 /* Base */ = {isa = PBXFileReference; lastKnownFileType = file.storyboard; name = Base; path = Base.lproj/Main.storyboard; sourceTree = "<group>"; };
		CD511E9E25A4B10D00B14497 /* Assets.xcassets */ = {isa = PBXFileReference; lastKnownFileType = folder.assetcatalog; path = Assets.xcassets; sourceTree = "<group>"; };
		CD511EA125A4B10D00B14497 /* Base */ = {isa = PBXFileReference; lastKnownFileType = file.storyboard; name = Base; path = Base.lproj/LaunchScreen.storyboard; sourceTree = "<group>"; };
		CD511EA325A4B10D00B14497 /* Info.plist */ = {isa = PBXFileReference; lastKnownFileType = text.plist.xml; path = Info.plist; sourceTree = "<group>"; };
		CD511EA825A4B10D00B14497 /* DemoProjectTests.xctest */ = {isa = PBXFileReference; explicitFileType = wrapper.cfbundle; includeInIndex = 0; path = DemoProjectTests.xctest; sourceTree = BUILT_PRODUCTS_DIR; };
		CD511EAC25A4B10D00B14497 /* DemoProjectTests.swift */ = {isa = PBXFileReference; lastKnownFileType = sourcecode.swift; path = DemoProjectTests.swift; sourceTree = "<group>"; };
		CD511EAE25A4B10D00B14497 /* Info.plist */ = {isa = PBXFileReference; lastKnownFileType = text.plist.xml; path = Info.plist; sourceTree = "<group>"; };
		CD511EB325A4B10D00B14497 /* DemoProjectUITests.xctest */ = {isa = PBXFileReference; explicitFileType = wrapper.cfbundle; includeInIndex = 0; path = DemoProjectUITests.xctest; sourceTree = BUILT_PRODUCTS_DIR; };
		CD511EB725A4B10D00B14497 /* DemoProjectUITests.swift */ = {isa = PBXFileReference; lastKnownFileType = sourcecode.swift; path = DemoProjectUITests.swift; sourceTree = "<group>"; };
		CD511EB925A4B10D00B14497 /* Info.plist */ = {isa = PBXFileReference; lastKnownFileType = text.plist.xml; path = Info.plist; sourceTree = "<group>"; };
/* End PBXFileReference section */

/* Begin PBXFrameworksBuildPhase section */
		CD511E8F25A4B10B00B14497 /* Frameworks */ = {
			isa = PBXFrameworksBuildPhase;
			buildActionMask = 2147483647;
			files = (
			);
			runOnlyForDeploymentPostprocessing = 0;
		};
		CD511EA525A4B10D00B14497 /* Frameworks */ = {
			isa = PBXFrameworksBuildPhase;
			buildActionMask = 2147483647;
			files = (
			);
			runOnlyForDeploymentPostprocessing = 0;
		};
		CD511EB025A4B10D00B14497 /* Frameworks */ = {
			isa = PBXFrameworksBuildPhase;
			buildActionMask = 2147483647;
			files = (
			);
			runOnlyForDeploymentPostprocessing = 0;
		};
/* End PBXFrameworksBuildPhase section */

/* Begin PBXGroup section */
		CD511E8925A4B10B00B14497 = {
			isa = PBXGroup;
			children = (
				CD511E9425A4B10C00B14497 /* DemoProject */,
				CD511EAB25A4B10D00B14497 /* DemoProjectTests */,
				CD511EB625A4B10D00B14497 /* DemoProjectUITests */,
				CD511E9325A4B10C00B14497 /* Products */,
			);
			sourceTree = "<group>";
		};
		CD511E9325A4B10C00B14497 /* Products */ = {
			isa = PBXGroup;
			children = (
				CD511E9225A4B10C00B14497 /* DemoProject.app */,
				CD511EA825A4B10D00B14497 /* DemoProjectTests.xctest */,
				CD511EB325A4B10D00B14497 /* DemoProjectUITests.xctest */,
			);
			name = Products;
			sourceTree = "<group>";
		};
		CD511E9425A4B10C00B14497 /* DemoProject */ = {
			isa = PBXGroup;
			children = (
				CD511E9525A4B10C00B14497 /* AppDelegate.swift */,
				CD511E9725A4B10C00B14497 /* SceneDelegate.swift */,
				CD511E9925A4B10C00B14497 /* ViewController.swift */,
				CD511E9B25A4B10C00B14497 /* Main.storyboard */,
				CD511E9E25A4B10D00B14497 /* Assets.xcassets */,
				CD511EA025A4B10D00B14497 /* LaunchScreen.storyboard */,
				CD511EA325A4B10D00B14497 /* Info.plist */,
			);
			path = DemoProject;
			sourceTree = "<group>";
		};
		CD511EAB25A4B10D00B14497 /* DemoProjectTests */ = {
			isa = PBXGroup;
			children = (
				CD511EAC25A4B10D00B14497 /* DemoProjectTests.swift */,
				CD511EAE25A4B10D00B14497 /* Info.plist */,
			);
			path = DemoProjectTests;
			sourceTree = "<group>";
		};
		CD511EB625A4B10D00B14497 /* DemoProjectUITests */ = {
			isa = PBXGroup;
			children = (
				CD511EB725A4B10D00B14497 /* DemoProjectUITests.swift */,
				CD511EB925A4B10D00B14497 /* Info.plist */,
			);
			path = DemoProjectUITests;
			sourceTree = "<group>";
		};
/* End PBXGroup section */

/* Begin PBXNativeTarget section */
		CD511E9125A4B10B00B14497 /* DemoProject */ = {
			isa = PBXNativeTarget;
			buildConfigurationList = CD511EBC25A4B10D00B14497 /* Build configuration list for PBXNativeTarget "DemoProject" */;
			buildPhases = (
				CD511E8E25A4B10B00B14497 /* Sources */,
				CD511E8F25A4B10B00B14497 /* Frameworks */,
				CD511E9025A4B10B00B14497 /* Resources */,
			);
			buildRules = (
			);
			dependencies = (
			);
			name = DemoProject;
			productName = DemoProject;
			productReference = CD511E9225A4B10C00B14497 /* DemoProject.app */;
			productType = "com.apple.product-type.application";
		};
		CD511EA725A4B10D00B14497 /* DemoProjectTests */ = {
			isa = PBXNativeTarget;
			buildConfigurationList = CD511EBF25A4B10D00B14497 /* Build configuration list for PBXNativeTarget "DemoProjectTests" */;
			buildPhases = (
				CD511EA425A4B10D00B14497 /* Sources */,
				CD511EA525A4B10D00B14497 /* Frameworks */,
				CD511EA625A4B10D00B14497 /* Resources */,
			);
			buildRules = (
			);
			dependencies = (
				CD511EAA25A4B10D00B14497 /* PBXTargetDependency */,
			);
			name = DemoProjectTests;
			productName = DemoProjectTests;
			productReference = CD511EA825A4B10D00B14497 /* DemoProjectTests.xctest */;
			productType = "com.apple.product-type.bundle.unit-test";
		};
		CD511EB225A4B10D00B14497 /* DemoProjectUITests */ = {
			isa = PBXNativeTarget;
			buildConfigurationList = CD511EC225A4B10D00B14497 /* Build configuration list for PBXNativeTarget "DemoProjectUITests" */;
			buildPhases = (
				CD511EAF25A4B10D00B14497 /* Sources */,
				CD511EB025A4B10D00B14497 /* Frameworks */,
				CD511EB125A4B10D00B14497 /* Resources */,
			);
			buildRules = (
			);
			dependencies = (
				CD511EB525A4B10D00B14497 /* PBXTargetDependency */,
			);
			name = DemoProjectUITests;
			productName = DemoProjectUITests;
			productReference = CD511EB325A4B10D00B14497 /* DemoProjectUITests.xctest */;
			productType = "com.apple.product-type.bundle.ui-testing";
		};
/* End PBXNativeTarget section */

/* Begin PBXProject section */
		CD511E8A25A4B10B00B14497 /* Project object */ = {
			isa = PBXProject;
			attributes = {
				LastSwiftUpdateCheck = 1230;
				LastUpgradeCheck = 1230;
				TargetAttributes = {
					CD511E9125A4B10B00B14497 = {
						CreatedOnToolsVersion = 12.3;
					};
					CD511EA725A4B10D00B14497 = {
						CreatedOnToolsVersion = 12.3;
						TestTargetID = CD511E9125A4B10B00B14497;
					};
					CD511EB225A4B10D00B14497 = {
						CreatedOnToolsVersion = 12.3;
						TestTargetID = CD511E9125A4B10B00B14497;
					};
				};
			};
			buildConfigurationList = CD511E8D25A4B10B00B14497 /* Build configuration list for PBXProject "DemoProject" */;
			compatibilityVersion = "Xcode 9.3";
			developmentRegion = en;
			hasScannedForEncodings = 0;
			knownRegions = (
				en,
				Base,
			);
			mainGroup = CD511E8925A4B10B00B14497;
			productRefGroup = CD511E9325A4B10C00B14497 /* Products */;
			projectDirPath = "";
			projectRoot = "";
			targets = (
				CD511E9125A4B10B00B14497 /* DemoProject */,
				CD511EA725A4B10D00B14497 /* DemoProjectTests */,
				CD511EB225A4B10D00B14497 /* DemoProjectUITests */,
			);
		};
/* End PBXProject section */

/* Begin PBXResourcesBuildPhase section */
		CD511E9025A4B10B00B14497 /* Resources */ = {
			isa = PBXResourcesBuildPhase;
			buildActionMask = 2147483647;
			files = (
				CD511EA225A4B10D00B14497 /* LaunchScreen.storyboard in Resources */,
				CD511E9F25A4B10D00B14497 /* Assets.xcassets in Resources */,
				CD511E9D25A4B10C00B14497 /* Main.storyboard in Resources */,
			);
			runOnlyForDeploymentPostprocessing = 0;
		};
		CD511EA625A4B10D00B14497 /* Resources */ = {
			isa = PBXResourcesBuildPhase;
			buildActionMask = 2147483647;
			files = (
			);
			runOnlyForDeploymentPostprocessing = 0;
		};
		CD511EB125A4B10D00B14497 /* Resources */ = {
			isa = PBXResourcesBuildPhase;
			buildActionMask = 2147483647;
			files = (
			);
			runOnlyForDeploymentPostprocessing = 0;
		};
/* End PBXResourcesBuildPhase section */

/* Begin PBXSourcesBuildPhase section */
		CD511E8E25A4B10B00B14497 /* Sources */ = {
			isa = PBXSourcesBuildPhase;
			buildActionMask = 2147483647;
			files = (
				CD511E9A25A4B10C00B14497 /* ViewController.swift in Sources */,
				CD511E9625A4B10C00B14497 /* AppDelegate.swift in Sources */,
				CD511E9825A4B10C00B14497 /* SceneDelegate.swift in Sources */,
			);
			runOnlyForDeploymentPostprocessing = 0;
		};
		CD511EA425A4B10D00B14497 /* Sources */ = {
			isa = PBXSourcesBuildPhase;
			buildActionMask = 2147483647;
			files = (
				CD511EAD25A4B10D00B14497 /* DemoProjectTests.swift in Sources */,
			);
			runOnlyForDeploymentPostprocessing = 0;
		};
		CD511EAF25A4B10D00B14497 /* Sources */ = {
			isa = PBXSourcesBuildPhase;
			buildActionMask = 2147483647;
			files = (
				CD511EB825A4B10D00B14497 /* DemoProjectUITests.swift in Sources */,
			);
			runOnlyForDeploymentPostprocessing = 0;
		};
/* End PBXSourcesBuildPhase section */

/* Begin PBXTargetDependency section */
		CD511EAA25A4B10D00B14497 /* PBXTargetDependency */ = {
			isa = PBXTargetDependency;
			target = CD511E9125A4B10B00B14497 /* DemoProject */;
			targetProxy = CD511EA925A4B10D00B14497 /* PBXContainerItemProxy */;
		};
		CD511EB525A4B10D00B14497 /* PBXTargetDependency */ = {
			isa = PBXTargetDependency;
			target = CD511E9125A4B10B00B14497 /* DemoProject */;
			targetProxy = CD511EB425A4B10D00B14497 /* PBXContainerItemProxy */;
		};
/* End PBXTargetDependency section */

/* Begin PBXVariantGroup section */
		CD511E9B25A4B10C00B14497 /* Main.storyboard */ = {
			isa = PBXVariantGroup;
			children = (
				CD511E9C25A4B10C00B14497 /* Base */,
			);
			name = Main.storyboard;
			sourceTree = "<group>";
		};
		CD511EA025A4B10D00B14497 /* LaunchScreen.storyboard */ = {
			isa = PBXVariantGroup;
			children = (
				CD511EA125A4B10D00B14497 /* Base */,
			);
			name = LaunchScreen.storyboard;
			sourceTree = "<group>";
		};
/* End PBXVariantGroup section */

/* Begin XCBuildConfiguration section */
		CD511EBA25A4B10D00B14497 /* Debug */ = {
			isa = XCBuildConfiguration;
			buildSettings = {
				ALWAYS_SEARCH_USER_PATHS = NO;
				CLANG_ANALYZER_NONNULL = YES;
				CLANG_ANALYZER_NUMBER_OBJECT_CONVERSION = YES_AGGRESSIVE;
				CLANG_CXX_LANGUAGE_STANDARD = "gnu++14";
				CLANG_CXX_LIBRARY = "libc++";
				CLANG_ENABLE_MODULES = YES;
				CLANG_ENABLE_OBJC_ARC = YES;
				CLANG_ENABLE_OBJC_WEAK = YES;
				CLANG_WARN_BLOCK_CAPTURE_AUTORELEASING = YES;
				CLANG_WARN_BOOL_CONVERSION = YES;
				CLANG_WARN_COMMA = YES;
				CLANG_WARN_CONSTANT_CONVERSION = YES;
				CLANG_WARN_DEPRECATED_OBJC_IMPLEMENTATIONS = YES;
				CLANG_WARN_DIRECT_OBJC_ISA_USAGE = YES_ERROR;
				CLANG_WARN_DOCUMENTATION_COMMENTS = YES;
				CLANG_WARN_EMPTY_BODY = YES;
				CLANG_WARN_ENUM_CONVERSION = YES;
				CLANG_WARN_INFINITE_RECURSION = YES;
				CLANG_WARN_INT_CONVERSION = YES;
				CLANG_WARN_NON_LITERAL_NULL_CONVERSION = YES;
				CLANG_WARN_OBJC_IMPLICIT_RETAIN_SELF = YES;
				CLANG_WARN_OBJC_LITERAL_CONVERSION = YES;
				CLANG_WARN_OBJC_ROOT_CLASS = YES_ERROR;
				CLANG_WARN_QUOTED_INCLUDE_IN_FRAMEWORK_HEADER = YES;
				CLANG_WARN_RANGE_LOOP_ANALYSIS = YES;
				CLANG_WARN_STRICT_PROTOTYPES = YES;
				CLANG_WARN_SUSPICIOUS_MOVE = YES;
				CLANG_WARN_UNGUARDED_AVAILABILITY = YES_AGGRESSIVE;
				CLANG_WARN_UNREACHABLE_CODE = YES;
				CLANG_WARN__DUPLICATE_METHOD_MATCH = YES;
				COPY_PHASE_STRIP = NO;
				DEBUG_INFORMATION_FORMAT = dwarf;
				ENABLE_STRICT_OBJC_MSGSEND = YES;
				ENABLE_TESTABILITY = YES;
				GCC_C_LANGUAGE_STANDARD = gnu11;
				GCC_DYNAMIC_NO_PIC = NO;
				GCC_NO_COMMON_BLOCKS = YES;
				GCC_OPTIMIZATION_LEVEL = 0;
				GCC_PREPROCESSOR_DEFINITIONS = (
					"DEBUG=1",
					"$(inherited)",
				);
				GCC_WARN_64_TO_32_BIT_CONVERSION = YES;
				GCC_WARN_ABOUT_RETURN_TYPE = YES_ERROR;
				GCC_WARN_UNDECLARED_SELECTOR = YES;
				GCC_WARN_UNINITIALIZED_AUTOS = YES_AGGRESSIVE;
				GCC_WARN_UNUSED_FUNCTION = YES;
				GCC_WARN_UNUSED_VARIABLE = YES;
				IPHONEOS_DEPLOYMENT_TARGET = 14.3;
				MTL_ENABLE_DEBUG_INFO = INCLUDE_SOURCE;
				MTL_FAST_MATH = YES;
				ONLY_ACTIVE_ARCH = YES;
				SDKROOT = iphoneos;
				SWIFT_ACTIVE_COMPILATION_CONDITIONS = DEBUG;
				SWIFT_OPTIMIZATION_LEVEL = "-Onone";
			};
			name = Debug;
		};
		CD511EBB25A4B10D00B14497 /* Release */ = {
			isa = XCBuildConfiguration;
			buildSettings = {
				ALWAYS_SEARCH_USER_PATHS = NO;
				CLANG_ANALYZER_NONNULL = YES;
				CLANG_ANALYZER_NUMBER_OBJECT_CONVERSION = YES_AGGRESSIVE;
				CLANG_CXX_LANGUAGE_STANDARD = "gnu++14";
				CLANG_CXX_LIBRARY = "libc++";
				CLANG_ENABLE_MODULES = YES;
				CLANG_ENABLE_OBJC_ARC = YES;
				CLANG_ENABLE_OBJC_WEAK = YES;
				CLANG_WARN_BLOCK_CAPTURE_AUTORELEASING = YES;
				CLANG_WARN_BOOL_CONVERSION = YES;
				CLANG_WARN_COMMA = YES;
				CLANG_WARN_CONSTANT_CONVERSION = YES;
				CLANG_WARN_DEPRECATED_OBJC_IMPLEMENTATIONS = YES;
				CLANG_WARN_DIRECT_OBJC_ISA_USAGE = YES_ERROR;
				CLANG_WARN_DOCUMENTATION_COMMENTS = YES;
				CLANG_WARN_EMPTY_BODY = YES;
				CLANG_WARN_ENUM_CONVERSION = YES;
				CLANG_WARN_INFINITE_RECURSION = YES;
				CLANG_WARN_INT_CONVERSION = YES;
				CLANG_WARN_NON_LITERAL_NULL_CONVERSION = YES;
				CLANG_WARN_OBJC_IMPLICIT_RETAIN_SELF = YES;
				CLANG_WARN_OBJC_LITERAL_CONVERSION = YES;
				CLANG_WARN_OBJC_ROOT_CLASS = YES_ERROR;
				CLANG_WARN_QUOTED_INCLUDE_IN_FRAMEWORK_HEADER = YES;
				CLANG_WARN_RANGE_LOOP_ANALYSIS = YES;
				CLANG_WARN_STRICT_PROTOTYPES = YES;
				CLANG_WARN_SUSPICIOUS_MOVE = YES;
				CLANG_WARN_UNGUARDED_AVAILABILITY = YES_AGGRESSIVE;
				CLANG_WARN_UNREACHABLE_CODE = YES;
				CLANG_WARN__DUPLICATE_METHOD_MATCH = YES;
				COPY_PHASE_STRIP = NO;
				DEBUG_INFORMATION_FORMAT = "dwarf-with-dsym";
				ENABLE_NS_ASSERTIONS = NO;
				ENABLE_STRICT_OBJC_MSGSEND = YES;
				GCC_C_LANGUAGE_STANDARD = gnu11;
				GCC_NO_COMMON_BLOCKS = YES;
				GCC_WARN_64_TO_32_BIT_CONVERSION = YES;
				GCC_WARN_ABOUT_RETURN_TYPE = YES_ERROR;
				GCC_WARN_UNDECLARED_SELECTOR = YES;
				GCC_WARN_UNINITIALIZED_AUTOS = YES_AGGRESSIVE;
				GCC_WARN_UNUSED_FUNCTION = YES;
				GCC_WARN_UNUSED_VARIABLE = YES;
				IPHONEOS_DEPLOYMENT_TARGET = 14.3;
				MTL_ENABLE_DEBUG_INFO = NO;
				MTL_FAST_MATH = YES;
				SDKROOT = iphoneos;
				SWIFT_COMPILATION_MODE = wholemodule;
				SWIFT_OPTIMIZATION_LEVEL = "-O";
				VALIDATE_PRODUCT = YES;
			};
			name = Release;
		};
		CD511EBD25A4B10D00B14497 /* Debug */ = {
			isa = XCBuildConfiguration;
			buildSettings = {
				ASSETCATALOG_COMPILER_APPICON_NAME = AppIcon;
				ASSETCATALOG_COMPILER_GLOBAL_ACCENT_COLOR_NAME = AccentColor;
				CODE_SIGN_STYLE = Automatic;
				DEVELOPMENT_TEAM = KD2Q94XQR7;
				INFOPLIST_FILE = DemoProject/Info.plist;
				LD_RUNPATH_SEARCH_PATHS = (
					"$(inherited)",
					"@executable_path/Frameworks",
				);
				PRODUCT_BUNDLE_IDENTIFIER = com.guoli.DemoProject;
				PRODUCT_NAME = "$(TARGET_NAME)";
				SWIFT_VERSION = 5.0;
				TARGETED_DEVICE_FAMILY = "1,2";
			};
			name = Debug;
		};
		CD511EBE25A4B10D00B14497 /* Release */ = {
			isa = XCBuildConfiguration;
			buildSettings = {
				ASSETCATALOG_COMPILER_APPICON_NAME = AppIcon;
				ASSETCATALOG_COMPILER_GLOBAL_ACCENT_COLOR_NAME = AccentColor;
				CODE_SIGN_STYLE = Automatic;
				DEVELOPMENT_TEAM = KD2Q94XQR7;
				INFOPLIST_FILE = DemoProject/Info.plist;
				LD_RUNPATH_SEARCH_PATHS = (
					"$(inherited)",
					"@executable_path/Frameworks",
				);
				PRODUCT_BUNDLE_IDENTIFIER = com.guoli.DemoProject;
				PRODUCT_NAME = "$(TARGET_NAME)";
				SWIFT_VERSION = 5.0;
				TARGETED_DEVICE_FAMILY = "1,2";
			};
			name = Release;
		};
		CD511EC025A4B10D00B14497 /* Debug */ = {
			isa = XCBuildConfiguration;
			buildSettings = {
				ALWAYS_EMBED_SWIFT_STANDARD_LIBRARIES = YES;
				BUNDLE_LOADER = "$(TEST_HOST)";
				CODE_SIGN_STYLE = Automatic;
				DEVELOPMENT_TEAM = KD2Q94XQR7;
				INFOPLIST_FILE = DemoProjectTests/Info.plist;
				IPHONEOS_DEPLOYMENT_TARGET = 14.3;
				LD_RUNPATH_SEARCH_PATHS = (
					"$(inherited)",
					"@executable_path/Frameworks",
					"@loader_path/Frameworks",
				);
				PRODUCT_BUNDLE_IDENTIFIER = com.guoli.DemoProjectTests;
				PRODUCT_NAME = "$(TARGET_NAME)";
				SWIFT_VERSION = 5.0;
				TARGETED_DEVICE_FAMILY = "1,2";
				TEST_HOST = "$(BUILT_PRODUCTS_DIR)/DemoProject.app/DemoProject";
			};
			name = Debug;
		};
		CD511EC125A4B10D00B14497 /* Release */ = {
			isa = XCBuildConfiguration;
			buildSettings = {
				ALWAYS_EMBED_SWIFT_STANDARD_LIBRARIES = YES;
				BUNDLE_LOADER = "$(TEST_HOST)";
				CODE_SIGN_STYLE = Automatic;
				DEVELOPMENT_TEAM = KD2Q94XQR7;
				INFOPLIST_FILE = DemoProjectTests/Info.plist;
				IPHONEOS_DEPLOYMENT_TARGET = 14.3;
				LD_RUNPATH_SEARCH_PATHS = (
					"$(inherited)",
					"@executable_path/Frameworks",
					"@loader_path/Frameworks",
				);
				PRODUCT_BUNDLE_IDENTIFIER = com.guoli.DemoProjectTests;
				PRODUCT_NAME = "$(TARGET_NAME)";
				SWIFT_VERSION = 5.0;
				TARGETED_DEVICE_FAMILY = "1,2";
				TEST_HOST = "$(BUILT_PRODUCTS_DIR)/DemoProject.app/DemoProject";
			};
			name = Release;
		};
		CD511EC325A4B10D00B14497 /* Debug */ = {
			isa = XCBuildConfiguration;
			buildSettings = {
				ALWAYS_EMBED_SWIFT_STANDARD_LIBRARIES = YES;
				CODE_SIGN_STYLE = Automatic;
				DEVELOPMENT_TEAM = KD2Q94XQR7;
				INFOPLIST_FILE = DemoProjectUITests/Info.plist;
				LD_RUNPATH_SEARCH_PATHS = (
					"$(inherited)",
					"@executable_path/Frameworks",
					"@loader_path/Frameworks",
				);
				PRODUCT_BUNDLE_IDENTIFIER = com.guoli.DemoProjectUITests;
				PRODUCT_NAME = "$(TARGET_NAME)";
				SWIFT_VERSION = 5.0;
				TARGETED_DEVICE_FAMILY = "1,2";
				TEST_TARGET_NAME = DemoProject;
			};
			name = Debug;
		};
		CD511EC425A4B10D00B14497 /* Release */ = {
			isa = XCBuildConfiguration;
			buildSettings = {
				ALWAYS_EMBED_SWIFT_STANDARD_LIBRARIES = YES;
				CODE_SIGN_STYLE = Automatic;
				DEVELOPMENT_TEAM = KD2Q94XQR7;
				INFOPLIST_FILE = DemoProjectUITests/Info.plist;
				LD_RUNPATH_SEARCH_PATHS = (
					"$(inherited)",
					"@executable_path/Frameworks",
					"@loader_path/Frameworks",
				);
				PRODUCT_BUNDLE_IDENTIFIER = com.guoli.DemoProjectUITests;
				PRODUCT_NAME = "$(TARGET_NAME)";
				SWIFT_VERSION = 5.0;
				TARGETED_DEVICE_FAMILY = "1,2";
				TEST_TARGET_NAME = DemoProject;
			};
			name = Release;
		};
/* End XCBuildConfiguration section */

/* Begin XCConfigurationList section */
		CD511E8D25A4B10B00B14497 /* Build configuration list for PBXProject "DemoProject" */ = {
			isa = XCConfigurationList;
			buildConfigurations = (
				CD511EBA25A4B10D00B14497 /* Debug */,
				CD511EBB25A4B10D00B14497 /* Release */,
			);
			defaultConfigurationIsVisible = 0;
			defaultConfigurationName = Release;
		};
		CD511EBC25A4B10D00B14497 /* Build configuration list for PBXNativeTarget "DemoProject" */ = {
			isa = XCConfigurationList;
			buildConfigurations = (
				CD511EBD25A4B10D00B14497 /* Debug */,
				CD511EBE25A4B10D00B14497 /* Release */,
			);
			defaultConfigurationIsVisible = 0;
			defaultConfigurationName = Release;
		};
		CD511EBF25A4B10D00B14497 /* Build configuration list for PBXNativeTarget "DemoProjectTests" */ = {
			isa = XCConfigurationList;
			buildConfigurations = (
				CD511EC025A4B10D00B14497 /* Debug */,
				CD511EC125A4B10D00B14497 /* Release */,
			);
			defaultConfigurationIsVisible = 0;
			defaultConfigurationName = Release;
		};
		CD511EC225A4B10D00B14497 /* Build configuration list for PBXNativeTarget "DemoProjectUITests" */ = {
			isa = XCConfigurationList;
			buildConfigurations = (
				CD511EC325A4B10D00B14497 /* Debug */,
				CD511EC425A4B10D00B14497 /* Release */,
			);
			defaultConfigurationIsVisible = 0;
			defaultConfigurationName = Release;
		};
/* End XCConfigurationList section */
	};
	rootObject = CD511E8A25A4B10B00B14497 /* Project object */;
}
